// !$*UTF8*$!
{
	archiveVersion = 1;
	classes = {
	};
	objectVersion = 46;
	objects = {

/* Begin PBXBuildFile section */
		398398A917E013A60057B66D /* CoreGraphics.framework in Frameworks */ = {isa = PBXBuildFile; fileRef = 398398A817E013A60057B66D /* CoreGraphics.framework */; };
		398398AB17E013B30057B66D /* QuartzCore.framework in Frameworks */ = {isa = PBXBuildFile; fileRef = 398398AA17E013B30057B66D /* QuartzCore.framework */; };
		398398AD17E013C40057B66D /* OpenGLES.framework in Frameworks */ = {isa = PBXBuildFile; fileRef = 398398AC17E013C40057B66D /* OpenGLES.framework */; };
		398398AF17E013CE0057B66D /* UIKit.framework in Frameworks */ = {isa = PBXBuildFile; fileRef = 398398AE17E013CE0057B66D /* UIKit.framework */; };
		398398B117E013DB0057B66D /* OpenAL.framework in Frameworks */ = {isa = PBXBuildFile; fileRef = 398398B017E013DB0057B66D /* OpenAL.framework */; };
		398398B317E013ED0057B66D /* SenTestingKit.framework in Frameworks */ = {isa = PBXBuildFile; fileRef = 398398B217E013ED0057B66D /* SenTestingKit.framework */; };
		398398B517E013F50057B66D /* AudioToolbox.framework in Frameworks */ = {isa = PBXBuildFile; fileRef = 398398B417E013F50057B66D /* AudioToolbox.framework */; };
		398398B717E014000057B66D /* AVFoundation.framework in Frameworks */ = {isa = PBXBuildFile; fileRef = 398398B617E014000057B66D /* AVFoundation.framework */; };
		398398B917E014110057B66D /* libz.dylib in Frameworks */ = {isa = PBXBuildFile; fileRef = 398398B817E014110057B66D /* libz.dylib */; };
		B5398C8615C0991D008266A1 /* SPALSound.h in Headers */ = {isa = PBXBuildFile; fileRef = B5398C2715C0991C008266A1 /* SPALSound.h */; };
		B5398C8715C0991D008266A1 /* SPALSound.m in Sources */ = {isa = PBXBuildFile; fileRef = B5398C2815C0991C008266A1 /* SPALSound.m */; };
		B5398C8815C0991D008266A1 /* SPALSoundChannel.h in Headers */ = {isa = PBXBuildFile; fileRef = B5398C2915C0991C008266A1 /* SPALSoundChannel.h */; };
		B5398C8915C0991D008266A1 /* SPALSoundChannel.m in Sources */ = {isa = PBXBuildFile; fileRef = B5398C2A15C0991C008266A1 /* SPALSoundChannel.m */; };
		B5398C8A15C0991D008266A1 /* SPAnimatable.h in Headers */ = {isa = PBXBuildFile; fileRef = B5398C2B15C0991C008266A1 /* SPAnimatable.h */; };
		B5398C8B15C0991D008266A1 /* Sparrow.h in Headers */ = {isa = PBXBuildFile; fileRef = B5398C2C15C0991C008266A1 /* Sparrow.h */; };
		B5398C8C15C0991D008266A1 /* SPAudioEngine.h in Headers */ = {isa = PBXBuildFile; fileRef = B5398C2D15C0991C008266A1 /* SPAudioEngine.h */; };
		B5398C8D15C0991D008266A1 /* SPAudioEngine.m in Sources */ = {isa = PBXBuildFile; fileRef = B5398C2E15C0991C008266A1 /* SPAudioEngine.m */; };
		B5398C8E15C0991D008266A1 /* SPAVSound.h in Headers */ = {isa = PBXBuildFile; fileRef = B5398C2F15C0991C008266A1 /* SPAVSound.h */; };
		B5398C8F15C0991D008266A1 /* SPAVSound.m in Sources */ = {isa = PBXBuildFile; fileRef = B5398C3015C0991C008266A1 /* SPAVSound.m */; };
		B5398C9015C0991D008266A1 /* SPAVSoundChannel.h in Headers */ = {isa = PBXBuildFile; fileRef = B5398C3115C0991C008266A1 /* SPAVSoundChannel.h */; };
		B5398C9115C0991D008266A1 /* SPAVSoundChannel.m in Sources */ = {isa = PBXBuildFile; fileRef = B5398C3215C0991C008266A1 /* SPAVSoundChannel.m */; };
		B5398C9215C0991D008266A1 /* SPBitmapChar.h in Headers */ = {isa = PBXBuildFile; fileRef = B5398C3315C0991C008266A1 /* SPBitmapChar.h */; };
		B5398C9315C0991D008266A1 /* SPBitmapChar.m in Sources */ = {isa = PBXBuildFile; fileRef = B5398C3415C0991C008266A1 /* SPBitmapChar.m */; };
		B5398C9415C0991D008266A1 /* SPBitmapFont.h in Headers */ = {isa = PBXBuildFile; fileRef = B5398C3515C0991C008266A1 /* SPBitmapFont.h */; };
		B5398C9515C0991D008266A1 /* SPBitmapFont.m in Sources */ = {isa = PBXBuildFile; fileRef = B5398C3615C0991C008266A1 /* SPBitmapFont.m */; };
		B5398C9615C0991D008266A1 /* SPButton.h in Headers */ = {isa = PBXBuildFile; fileRef = B5398C3715C0991C008266A1 /* SPButton.h */; };
		B5398C9715C0991D008266A1 /* SPButton.m in Sources */ = {isa = PBXBuildFile; fileRef = B5398C3815C0991C008266A1 /* SPButton.m */; };
		B5398C9815C0991D008266A1 /* SPCompiledSprite.h in Headers */ = {isa = PBXBuildFile; fileRef = B5398C3915C0991C008266A1 /* SPCompiledSprite.h */; };
		B5398C9915C0991D008266A1 /* SPCompiledSprite.m in Sources */ = {isa = PBXBuildFile; fileRef = B5398C3A15C0991C008266A1 /* SPCompiledSprite.m */; };
		B5398C9A15C0991D008266A1 /* SPDelayedInvocation.h in Headers */ = {isa = PBXBuildFile; fileRef = B5398C3B15C0991C008266A1 /* SPDelayedInvocation.h */; };
		B5398C9B15C0991D008266A1 /* SPDelayedInvocation.m in Sources */ = {isa = PBXBuildFile; fileRef = B5398C3C15C0991C008266A1 /* SPDelayedInvocation.m */; };
		B5398C9C15C0991D008266A1 /* SPDisplayObject_Internal.h in Headers */ = {isa = PBXBuildFile; fileRef = B5398C3D15C0991C008266A1 /* SPDisplayObject_Internal.h */; };
		B5398C9D15C0991D008266A1 /* SPDisplayObject.h in Headers */ = {isa = PBXBuildFile; fileRef = B5398C3E15C0991C008266A1 /* SPDisplayObject.h */; };
		B5398C9E15C0991D008266A1 /* SPDisplayObject.m in Sources */ = {isa = PBXBuildFile; fileRef = B5398C3F15C0991C008266A1 /* SPDisplayObject.m */; };
		B5398C9F15C0991D008266A1 /* SPDisplayObjectContainer.h in Headers */ = {isa = PBXBuildFile; fileRef = B5398C4015C0991C008266A1 /* SPDisplayObjectContainer.h */; };
		B5398CA015C0991D008266A1 /* SPDisplayObjectContainer.m in Sources */ = {isa = PBXBuildFile; fileRef = B5398C4115C0991C008266A1 /* SPDisplayObjectContainer.m */; };
		B5398CA115C0991D008266A1 /* SPEnterFrameEvent.h in Headers */ = {isa = PBXBuildFile; fileRef = B5398C4215C0991C008266A1 /* SPEnterFrameEvent.h */; };
		B5398CA215C0991D008266A1 /* SPEnterFrameEvent.m in Sources */ = {isa = PBXBuildFile; fileRef = B5398C4315C0991C008266A1 /* SPEnterFrameEvent.m */; };
		B5398CA315C0991D008266A1 /* SPEvent_Internal.h in Headers */ = {isa = PBXBuildFile; fileRef = B5398C4415C0991C008266A1 /* SPEvent_Internal.h */; };
		B5398CA415C0991D008266A1 /* SPEvent.h in Headers */ = {isa = PBXBuildFile; fileRef = B5398C4515C0991C008266A1 /* SPEvent.h */; };
		B5398CA515C0991D008266A1 /* SPEvent.m in Sources */ = {isa = PBXBuildFile; fileRef = B5398C4615C0991C008266A1 /* SPEvent.m */; };
		B5398CA615C0991D008266A1 /* SPEventDispatcher.h in Headers */ = {isa = PBXBuildFile; fileRef = B5398C4715C0991C008266A1 /* SPEventDispatcher.h */; };
		B5398CA715C0991D008266A1 /* SPEventDispatcher.m in Sources */ = {isa = PBXBuildFile; fileRef = B5398C4815C0991C008266A1 /* SPEventDispatcher.m */; };
		B5398CA815C0991D008266A1 /* SPGLTexture.h in Headers */ = {isa = PBXBuildFile; fileRef = B5398C4915C0991C008266A1 /* SPGLTexture.h */; };
		B5398CA915C0991D008266A1 /* SPGLTexture.m in Sources */ = {isa = PBXBuildFile; fileRef = B5398C4A15C0991C008266A1 /* SPGLTexture.m */; };
		B5398CAA15C0991D008266A1 /* SPImage.h in Headers */ = {isa = PBXBuildFile; fileRef = B5398C4B15C0991C008266A1 /* SPImage.h */; };
		B5398CAB15C0991D008266A1 /* SPImage.m in Sources */ = {isa = PBXBuildFile; fileRef = B5398C4C15C0991C008266A1 /* SPImage.m */; };
		B5398CAC15C0991D008266A1 /* SPJuggler.h in Headers */ = {isa = PBXBuildFile; fileRef = B5398C4D15C0991C008266A1 /* SPJuggler.h */; };
		B5398CAD15C0991D008266A1 /* SPJuggler.m in Sources */ = {isa = PBXBuildFile; fileRef = B5398C4E15C0991C008266A1 /* SPJuggler.m */; };
		B5398CAE15C0991D008266A1 /* SPMacros.h in Headers */ = {isa = PBXBuildFile; fileRef = B5398C4F15C0991C008266A1 /* SPMacros.h */; };
		B5398CAF15C0991D008266A1 /* SPMatrix.h in Headers */ = {isa = PBXBuildFile; fileRef = B5398C5015C0991C008266A1 /* SPMatrix.h */; };
		B5398CB015C0991D008266A1 /* SPMatrix.m in Sources */ = {isa = PBXBuildFile; fileRef = B5398C5115C0991C008266A1 /* SPMatrix.m */; };
		B5398CB115C0991D008266A1 /* SPMovieClip.h in Headers */ = {isa = PBXBuildFile; fileRef = B5398C5215C0991C008266A1 /* SPMovieClip.h */; };
		B5398CB215C0991D008266A1 /* SPMovieClip.m in Sources */ = {isa = PBXBuildFile; fileRef = B5398C5315C0991C008266A1 /* SPMovieClip.m */; };
		B5398CB315C0991D008266A1 /* SPNSExtensions.h in Headers */ = {isa = PBXBuildFile; fileRef = B5398C5415C0991C008266A1 /* SPNSExtensions.h */; };
		B5398CB415C0991D008266A1 /* SPNSExtensions.m in Sources */ = {isa = PBXBuildFile; fileRef = B5398C5515C0991C008266A1 /* SPNSExtensions.m */; };
		B5398CB515C0991D008266A1 /* SPPoint.h in Headers */ = {isa = PBXBuildFile; fileRef = B5398C5615C0991C008266A1 /* SPPoint.h */; };
		B5398CB615C0991D008266A1 /* SPPoint.m in Sources */ = {isa = PBXBuildFile; fileRef = B5398C5715C0991C008266A1 /* SPPoint.m */; };
		B5398CB715C0991D008266A1 /* SPPoolObject.h in Headers */ = {isa = PBXBuildFile; fileRef = B5398C5815C0991C008266A1 /* SPPoolObject.h */; };
		B5398CB815C0991D008266A1 /* SPPoolObject.m in Sources */ = {isa = PBXBuildFile; fileRef = B5398C5915C0991C008266A1 /* SPPoolObject.m */; };
		B5398CB915C0991D008266A1 /* SPQuad.h in Headers */ = {isa = PBXBuildFile; fileRef = B5398C5A15C0991C008266A1 /* SPQuad.h */; };
		B5398CBA15C0991D008266A1 /* SPQuad.m in Sources */ = {isa = PBXBuildFile; fileRef = B5398C5B15C0991C008266A1 /* SPQuad.m */; };
		B5398CBB15C0991D008266A1 /* SPRectangle.h in Headers */ = {isa = PBXBuildFile; fileRef = B5398C5C15C0991C008266A1 /* SPRectangle.h */; };
		B5398CBC15C0991D008266A1 /* SPRectangle.m in Sources */ = {isa = PBXBuildFile; fileRef = B5398C5D15C0991C008266A1 /* SPRectangle.m */; };
		B5398CBD15C0991D008266A1 /* SPRendering.m in Sources */ = {isa = PBXBuildFile; fileRef = B5398C5E15C0991C008266A1 /* SPRendering.m */; };
		B5398CBE15C0991D008266A1 /* SPRenderSupport.h in Headers */ = {isa = PBXBuildFile; fileRef = B5398C5F15C0991C008266A1 /* SPRenderSupport.h */; };
		B5398CBF15C0991D008266A1 /* SPRenderSupport.m in Sources */ = {isa = PBXBuildFile; fileRef = B5398C6015C0991C008266A1 /* SPRenderSupport.m */; };
		B5398CC015C0991D008266A1 /* SPRenderTexture.h in Headers */ = {isa = PBXBuildFile; fileRef = B5398C6115C0991C008266A1 /* SPRenderTexture.h */; };
		B5398CC115C0991D008266A1 /* SPRenderTexture.m in Sources */ = {isa = PBXBuildFile; fileRef = B5398C6215C0991C008266A1 /* SPRenderTexture.m */; };
		B5398CC215C0991D008266A1 /* SPSound.h in Headers */ = {isa = PBXBuildFile; fileRef = B5398C6315C0991C008266A1 /* SPSound.h */; };
		B5398CC315C0991D008266A1 /* SPSound.m in Sources */ = {isa = PBXBuildFile; fileRef = B5398C6415C0991C008266A1 /* SPSound.m */; };
		B5398CC415C0991D008266A1 /* SPSoundChannel.h in Headers */ = {isa = PBXBuildFile; fileRef = B5398C6515C0991C008266A1 /* SPSoundChannel.h */; };
		B5398CC515C0991D008266A1 /* SPSoundChannel.m in Sources */ = {isa = PBXBuildFile; fileRef = B5398C6615C0991C008266A1 /* SPSoundChannel.m */; };
		B5398CC615C0991D008266A1 /* SPSprite.h in Headers */ = {isa = PBXBuildFile; fileRef = B5398C6715C0991C008266A1 /* SPSprite.h */; };
		B5398CC715C0991D008266A1 /* SPSprite.m in Sources */ = {isa = PBXBuildFile; fileRef = B5398C6815C0991C008266A1 /* SPSprite.m */; };
		B5398CC815C0991D008266A1 /* SPStage_Internal.h in Headers */ = {isa = PBXBuildFile; fileRef = B5398C6915C0991C008266A1 /* SPStage_Internal.h */; };
		B5398CC915C0991D008266A1 /* SPStage.h in Headers */ = {isa = PBXBuildFile; fileRef = B5398C6A15C0991C008266A1 /* SPStage.h */; };
		B5398CCA15C0991D008266A1 /* SPStage.m in Sources */ = {isa = PBXBuildFile; fileRef = B5398C6B15C0991C008266A1 /* SPStage.m */; };
		B5398CCB15C0991D008266A1 /* SPSubTexture.h in Headers */ = {isa = PBXBuildFile; fileRef = B5398C6C15C0991C008266A1 /* SPSubTexture.h */; };
		B5398CCC15C0991D008266A1 /* SPSubTexture.m in Sources */ = {isa = PBXBuildFile; fileRef = B5398C6D15C0991C008266A1 /* SPSubTexture.m */; };
		B5398CCD15C0991D008266A1 /* SPTextField_Internal.h in Headers */ = {isa = PBXBuildFile; fileRef = B5398C6E15C0991C008266A1 /* SPTextField_Internal.h */; };
		B5398CCE15C0991D008266A1 /* SPTextField.h in Headers */ = {isa = PBXBuildFile; fileRef = B5398C6F15C0991C008266A1 /* SPTextField.h */; };
		B5398CCF15C0991D008266A1 /* SPTextField.m in Sources */ = {isa = PBXBuildFile; fileRef = B5398C7015C0991C008266A1 /* SPTextField.m */; };
		B5398CD015C0991D008266A1 /* SPTexture.h in Headers */ = {isa = PBXBuildFile; fileRef = B5398C7115C0991C008266A1 /* SPTexture.h */; };
		B5398CD115C0991D008266A1 /* SPTexture.m in Sources */ = {isa = PBXBuildFile; fileRef = B5398C7215C0991C008266A1 /* SPTexture.m */; };
		B5398CD215C0991D008266A1 /* SPTextureAtlas.h in Headers */ = {isa = PBXBuildFile; fileRef = B5398C7315C0991C008266A1 /* SPTextureAtlas.h */; };
		B5398CD315C0991D008266A1 /* SPTextureAtlas.m in Sources */ = {isa = PBXBuildFile; fileRef = B5398C7415C0991C008266A1 /* SPTextureAtlas.m */; };
		B5398CD415C0991D008266A1 /* SPTouch_Internal.h in Headers */ = {isa = PBXBuildFile; fileRef = B5398C7515C0991C008266A1 /* SPTouch_Internal.h */; };
		B5398CD515C0991D008266A1 /* SPTouch.h in Headers */ = {isa = PBXBuildFile; fileRef = B5398C7615C0991C008266A1 /* SPTouch.h */; };
		B5398CD615C0991D008266A1 /* SPTouch.m in Sources */ = {isa = PBXBuildFile; fileRef = B5398C7715C0991C008266A1 /* SPTouch.m */; };
		B5398CD715C0991D008266A1 /* SPTouchEvent.h in Headers */ = {isa = PBXBuildFile; fileRef = B5398C7815C0991C008266A1 /* SPTouchEvent.h */; };
		B5398CD815C0991D008266A1 /* SPTouchEvent.m in Sources */ = {isa = PBXBuildFile; fileRef = B5398C7915C0991C008266A1 /* SPTouchEvent.m */; };
		B5398CD915C0991D008266A1 /* SPTouchProcessor.h in Headers */ = {isa = PBXBuildFile; fileRef = B5398C7A15C0991D008266A1 /* SPTouchProcessor.h */; };
		B5398CDA15C0991D008266A1 /* SPTouchProcessor.m in Sources */ = {isa = PBXBuildFile; fileRef = B5398C7B15C0991D008266A1 /* SPTouchProcessor.m */; };
		B5398CDB15C0991D008266A1 /* SPTransitions.h in Headers */ = {isa = PBXBuildFile; fileRef = B5398C7C15C0991D008266A1 /* SPTransitions.h */; };
		B5398CDC15C0991D008266A1 /* SPTransitions.m in Sources */ = {isa = PBXBuildFile; fileRef = B5398C7D15C0991D008266A1 /* SPTransitions.m */; };
		B5398CDD15C0991D008266A1 /* SPTween.h in Headers */ = {isa = PBXBuildFile; fileRef = B5398C7E15C0991D008266A1 /* SPTween.h */; };
		B5398CDE15C0991D008266A1 /* SPTween.m in Sources */ = {isa = PBXBuildFile; fileRef = B5398C7F15C0991D008266A1 /* SPTween.m */; };
		B5398CDF15C0991D008266A1 /* SPTweenedProperty.h in Headers */ = {isa = PBXBuildFile; fileRef = B5398C8015C0991D008266A1 /* SPTweenedProperty.h */; };
		B5398CE015C0991D008266A1 /* SPTweenedProperty.m in Sources */ = {isa = PBXBuildFile; fileRef = B5398C8115C0991D008266A1 /* SPTweenedProperty.m */; };
		B5398CE115C0991D008266A1 /* SPUtils.h in Headers */ = {isa = PBXBuildFile; fileRef = B5398C8215C0991D008266A1 /* SPUtils.h */; };
		B5398CE215C0991D008266A1 /* SPUtils.m in Sources */ = {isa = PBXBuildFile; fileRef = B5398C8315C0991D008266A1 /* SPUtils.m */; };
		B5398CE315C0991D008266A1 /* SPView.h in Headers */ = {isa = PBXBuildFile; fileRef = B5398C8415C0991D008266A1 /* SPView.h */; };
		B5398CE415C0991D008266A1 /* SPView.m in Sources */ = {isa = PBXBuildFile; fileRef = B5398C8515C0991D008266A1 /* SPView.m */; };
		B554E09A15BEE0F800728B2D /* AudioSelectOptions.h in Headers */ = {isa = PBXBuildFile; fileRef = B554E08215BEE0F800728B2D /* AudioSelectOptions.h */; };
		B554E09B15BEE0F800728B2D /* AudioSelectOptions.m in Sources */ = {isa = PBXBuildFile; fileRef = B554E08315BEE0F800728B2D /* AudioSelectOptions.m */; };
		B554E09C15BEE0F800728B2D /* DragDropAudio.h in Headers */ = {isa = PBXBuildFile; fileRef = B554E08415BEE0F800728B2D /* DragDropAudio.h */; };
		B554E09D15BEE0F800728B2D /* DragDropAudio.m in Sources */ = {isa = PBXBuildFile; fileRef = B554E08515BEE0F800728B2D /* DragDropAudio.m */; };
		B554E09E15BEE0F800728B2D /* ImageText.h in Headers */ = {isa = PBXBuildFile; fileRef = B554E08615BEE0F800728B2D /* ImageText.h */; };
		B554E09F15BEE0F800728B2D /* ImageText.m in Sources */ = {isa = PBXBuildFile; fileRef = B554E08715BEE0F800728B2D /* ImageText.m */; };
		B554E0A015BEE0F800728B2D /* Interaction.h in Headers */ = {isa = PBXBuildFile; fileRef = B554E08815BEE0F800728B2D /* Interaction.h */; };
		B554E0A115BEE0F800728B2D /* Interaction.m in Sources */ = {isa = PBXBuildFile; fileRef = B554E08915BEE0F800728B2D /* Interaction.m */; };
		B554E0A215BEE0F800728B2D /* InteractionVo.h in Headers */ = {isa = PBXBuildFile; fileRef = B554E08A15BEE0F800728B2D /* InteractionVo.h */; };
		B554E0A315BEE0F800728B2D /* InteractionVo.m in Sources */ = {isa = PBXBuildFile; fileRef = B554E08B15BEE0F800728B2D /* InteractionVo.m */; };
		B554E0A415BEE0F800728B2D /* InteractionVoClick.h in Headers */ = {isa = PBXBuildFile; fileRef = B554E08C15BEE0F800728B2D /* InteractionVoClick.h */; };
		B554E0A515BEE0F800728B2D /* InteractionVoClick.m in Sources */ = {isa = PBXBuildFile; fileRef = B554E08D15BEE0F800728B2D /* InteractionVoClick.m */; };
		B554E0A615BEE0F800728B2D /* Model.h in Headers */ = {isa = PBXBuildFile; fileRef = B554E08E15BEE0F800728B2D /* Model.h */; };
		B554E0A715BEE0F800728B2D /* Model.m in Sources */ = {isa = PBXBuildFile; fileRef = B554E08F15BEE0F800728B2D /* Model.m */; };
		B554E0A815BEE0F800728B2D /* Observer.h in Headers */ = {isa = PBXBuildFile; fileRef = B554E09015BEE0F800728B2D /* Observer.h */; };
		B554E0A915BEE0F800728B2D /* Observer.m in Sources */ = {isa = PBXBuildFile; fileRef = B554E09115BEE0F800728B2D /* Observer.m */; };
		B554E0AA15BEE0F800728B2D /* RevealA.h in Headers */ = {isa = PBXBuildFile; fileRef = B554E09215BEE0F800728B2D /* RevealA.h */; };
		B554E0AB15BEE0F800728B2D /* RevealA.m in Sources */ = {isa = PBXBuildFile; fileRef = B554E09315BEE0F800728B2D /* RevealA.m */; };
		B554E0AC15BEE0F800728B2D /* TouchScene.h in Headers */ = {isa = PBXBuildFile; fileRef = B554E09415BEE0F800728B2D /* TouchScene.h */; };
		B554E0AD15BEE0F800728B2D /* TouchScene.m in Sources */ = {isa = PBXBuildFile; fileRef = B554E09515BEE0F800728B2D /* TouchScene.m */; };
		B554E0AE15BEE0F800728B2D /* TouchSheet.h in Headers */ = {isa = PBXBuildFile; fileRef = B554E09615BEE0F800728B2D /* TouchSheet.h */; };
		B554E0AF15BEE0F800728B2D /* TouchSheet.m in Sources */ = {isa = PBXBuildFile; fileRef = B554E09715BEE0F800728B2D /* TouchSheet.m */; };
		B554E0B015BEE0F800728B2D /* XMLParser.h in Headers */ = {isa = PBXBuildFile; fileRef = B554E09815BEE0F800728B2D /* XMLParser.h */; };
		B554E0B115BEE0F800728B2D /* XMLParser.m in Sources */ = {isa = PBXBuildFile; fileRef = B554E09915BEE0F800728B2D /* XMLParser.m */; };
		B554E0B415BEE2F700728B2D /* ViewControllerFactory.h in Headers */ = {isa = PBXBuildFile; fileRef = B554E0B215BEE2F700728B2D /* ViewControllerFactory.h */; };
		B554E0B515BEE2F700728B2D /* ViewControllerFactory.m in Sources */ = {isa = PBXBuildFile; fileRef = B554E0B315BEE2F700728B2D /* ViewControllerFactory.m */; };
		B5DC6FEA15BE336900445EE5 /* Foundation.framework in Frameworks */ = {isa = PBXBuildFile; fileRef = B5DC6FE915BE336900445EE5 /* Foundation.framework */; };
/* End PBXBuildFile section */

/* Begin PBXFileReference section */
		398398A817E013A60057B66D /* CoreGraphics.framework */ = {isa = PBXFileReference; lastKnownFileType = wrapper.framework; name = CoreGraphics.framework; path = System/Library/Frameworks/CoreGraphics.framework; sourceTree = SDKROOT; };
		398398AA17E013B30057B66D /* QuartzCore.framework */ = {isa = PBXFileReference; lastKnownFileType = wrapper.framework; name = QuartzCore.framework; path = System/Library/Frameworks/QuartzCore.framework; sourceTree = SDKROOT; };
		398398AC17E013C40057B66D /* OpenGLES.framework */ = {isa = PBXFileReference; lastKnownFileType = wrapper.framework; name = OpenGLES.framework; path = System/Library/Frameworks/OpenGLES.framework; sourceTree = SDKROOT; };
		398398AE17E013CE0057B66D /* UIKit.framework */ = {isa = PBXFileReference; lastKnownFileType = wrapper.framework; name = UIKit.framework; path = System/Library/Frameworks/UIKit.framework; sourceTree = SDKROOT; };
		398398B017E013DB0057B66D /* OpenAL.framework */ = {isa = PBXFileReference; lastKnownFileType = wrapper.framework; name = OpenAL.framework; path = System/Library/Frameworks/OpenAL.framework; sourceTree = SDKROOT; };
		398398B217E013ED0057B66D /* SenTestingKit.framework */ = {isa = PBXFileReference; lastKnownFileType = wrapper.framework; name = SenTestingKit.framework; path = Library/Frameworks/SenTestingKit.framework; sourceTree = DEVELOPER_DIR; };
		398398B417E013F50057B66D /* AudioToolbox.framework */ = {isa = PBXFileReference; lastKnownFileType = wrapper.framework; name = AudioToolbox.framework; path = System/Library/Frameworks/AudioToolbox.framework; sourceTree = SDKROOT; };
		398398B617E014000057B66D /* AVFoundation.framework */ = {isa = PBXFileReference; lastKnownFileType = wrapper.framework; name = AVFoundation.framework; path = System/Library/Frameworks/AVFoundation.framework; sourceTree = SDKROOT; };
		398398B817E014110057B66D /* libz.dylib */ = {isa = PBXFileReference; lastKnownFileType = "compiled.mach-o.dylib"; name = libz.dylib; path = usr/lib/libz.dylib; sourceTree = SDKROOT; };
		B5398C2715C0991C008266A1 /* SPALSound.h */ = {isa = PBXFileReference; fileEncoding = 4; lastKnownFileType = sourcecode.c.h; path = SPALSound.h; sourceTree = "<group>"; };
		B5398C2815C0991C008266A1 /* SPALSound.m */ = {isa = PBXFileReference; fileEncoding = 4; lastKnownFileType = sourcecode.c.objc; path = SPALSound.m; sourceTree = "<group>"; };
		B5398C2915C0991C008266A1 /* SPALSoundChannel.h */ = {isa = PBXFileReference; fileEncoding = 4; lastKnownFileType = sourcecode.c.h; path = SPALSoundChannel.h; sourceTree = "<group>"; };
		B5398C2A15C0991C008266A1 /* SPALSoundChannel.m */ = {isa = PBXFileReference; fileEncoding = 4; lastKnownFileType = sourcecode.c.objc; path = SPALSoundChannel.m; sourceTree = "<group>"; };
		B5398C2B15C0991C008266A1 /* SPAnimatable.h */ = {isa = PBXFileReference; fileEncoding = 4; lastKnownFileType = sourcecode.c.h; path = SPAnimatable.h; sourceTree = "<group>"; };
		B5398C2C15C0991C008266A1 /* Sparrow.h */ = {isa = PBXFileReference; fileEncoding = 4; lastKnownFileType = sourcecode.c.h; path = Sparrow.h; sourceTree = "<group>"; };
		B5398C2D15C0991C008266A1 /* SPAudioEngine.h */ = {isa = PBXFileReference; fileEncoding = 4; lastKnownFileType = sourcecode.c.h; path = SPAudioEngine.h; sourceTree = "<group>"; };
		B5398C2E15C0991C008266A1 /* SPAudioEngine.m */ = {isa = PBXFileReference; fileEncoding = 4; lastKnownFileType = sourcecode.c.objc; path = SPAudioEngine.m; sourceTree = "<group>"; };
		B5398C2F15C0991C008266A1 /* SPAVSound.h */ = {isa = PBXFileReference; fileEncoding = 4; lastKnownFileType = sourcecode.c.h; path = SPAVSound.h; sourceTree = "<group>"; };
		B5398C3015C0991C008266A1 /* SPAVSound.m */ = {isa = PBXFileReference; fileEncoding = 4; lastKnownFileType = sourcecode.c.objc; path = SPAVSound.m; sourceTree = "<group>"; };
		B5398C3115C0991C008266A1 /* SPAVSoundChannel.h */ = {isa = PBXFileReference; fileEncoding = 4; lastKnownFileType = sourcecode.c.h; path = SPAVSoundChannel.h; sourceTree = "<group>"; };
		B5398C3215C0991C008266A1 /* SPAVSoundChannel.m */ = {isa = PBXFileReference; fileEncoding = 4; lastKnownFileType = sourcecode.c.objc; path = SPAVSoundChannel.m; sourceTree = "<group>"; };
		B5398C3315C0991C008266A1 /* SPBitmapChar.h */ = {isa = PBXFileReference; fileEncoding = 4; lastKnownFileType = sourcecode.c.h; path = SPBitmapChar.h; sourceTree = "<group>"; };
		B5398C3415C0991C008266A1 /* SPBitmapChar.m */ = {isa = PBXFileReference; fileEncoding = 4; lastKnownFileType = sourcecode.c.objc; path = SPBitmapChar.m; sourceTree = "<group>"; };
		B5398C3515C0991C008266A1 /* SPBitmapFont.h */ = {isa = PBXFileReference; fileEncoding = 4; lastKnownFileType = sourcecode.c.h; path = SPBitmapFont.h; sourceTree = "<group>"; };
		B5398C3615C0991C008266A1 /* SPBitmapFont.m */ = {isa = PBXFileReference; fileEncoding = 4; lastKnownFileType = sourcecode.c.objc; path = SPBitmapFont.m; sourceTree = "<group>"; };
		B5398C3715C0991C008266A1 /* SPButton.h */ = {isa = PBXFileReference; fileEncoding = 4; lastKnownFileType = sourcecode.c.h; path = SPButton.h; sourceTree = "<group>"; };
		B5398C3815C0991C008266A1 /* SPButton.m */ = {isa = PBXFileReference; fileEncoding = 4; lastKnownFileType = sourcecode.c.objc; path = SPButton.m; sourceTree = "<group>"; };
		B5398C3915C0991C008266A1 /* SPCompiledSprite.h */ = {isa = PBXFileReference; fileEncoding = 4; lastKnownFileType = sourcecode.c.h; path = SPCompiledSprite.h; sourceTree = "<group>"; };
		B5398C3A15C0991C008266A1 /* SPCompiledSprite.m */ = {isa = PBXFileReference; fileEncoding = 4; lastKnownFileType = sourcecode.c.objc; path = SPCompiledSprite.m; sourceTree = "<group>"; };
		B5398C3B15C0991C008266A1 /* SPDelayedInvocation.h */ = {isa = PBXFileReference; fileEncoding = 4; lastKnownFileType = sourcecode.c.h; path = SPDelayedInvocation.h; sourceTree = "<group>"; };
		B5398C3C15C0991C008266A1 /* SPDelayedInvocation.m */ = {isa = PBXFileReference; fileEncoding = 4; lastKnownFileType = sourcecode.c.objc; path = SPDelayedInvocation.m; sourceTree = "<group>"; };
		B5398C3D15C0991C008266A1 /* SPDisplayObject_Internal.h */ = {isa = PBXFileReference; fileEncoding = 4; lastKnownFileType = sourcecode.c.h; path = SPDisplayObject_Internal.h; sourceTree = "<group>"; };
		B5398C3E15C0991C008266A1 /* SPDisplayObject.h */ = {isa = PBXFileReference; fileEncoding = 4; lastKnownFileType = sourcecode.c.h; path = SPDisplayObject.h; sourceTree = "<group>"; };
		B5398C3F15C0991C008266A1 /* SPDisplayObject.m */ = {isa = PBXFileReference; fileEncoding = 4; lastKnownFileType = sourcecode.c.objc; path = SPDisplayObject.m; sourceTree = "<group>"; };
		B5398C4015C0991C008266A1 /* SPDisplayObjectContainer.h */ = {isa = PBXFileReference; fileEncoding = 4; lastKnownFileType = sourcecode.c.h; path = SPDisplayObjectContainer.h; sourceTree = "<group>"; };
		B5398C4115C0991C008266A1 /* SPDisplayObjectContainer.m */ = {isa = PBXFileReference; fileEncoding = 4; lastKnownFileType = sourcecode.c.objc; path = SPDisplayObjectContainer.m; sourceTree = "<group>"; };
		B5398C4215C0991C008266A1 /* SPEnterFrameEvent.h */ = {isa = PBXFileReference; fileEncoding = 4; lastKnownFileType = sourcecode.c.h; path = SPEnterFrameEvent.h; sourceTree = "<group>"; };
		B5398C4315C0991C008266A1 /* SPEnterFrameEvent.m */ = {isa = PBXFileReference; fileEncoding = 4; lastKnownFileType = sourcecode.c.objc; path = SPEnterFrameEvent.m; sourceTree = "<group>"; };
		B5398C4415C0991C008266A1 /* SPEvent_Internal.h */ = {isa = PBXFileReference; fileEncoding = 4; lastKnownFileType = sourcecode.c.h; path = SPEvent_Internal.h; sourceTree = "<group>"; };
		B5398C4515C0991C008266A1 /* SPEvent.h */ = {isa = PBXFileReference; fileEncoding = 4; lastKnownFileType = sourcecode.c.h; path = SPEvent.h; sourceTree = "<group>"; };
		B5398C4615C0991C008266A1 /* SPEvent.m */ = {isa = PBXFileReference; fileEncoding = 4; lastKnownFileType = sourcecode.c.objc; path = SPEvent.m; sourceTree = "<group>"; };
		B5398C4715C0991C008266A1 /* SPEventDispatcher.h */ = {isa = PBXFileReference; fileEncoding = 4; lastKnownFileType = sourcecode.c.h; path = SPEventDispatcher.h; sourceTree = "<group>"; };
		B5398C4815C0991C008266A1 /* SPEventDispatcher.m */ = {isa = PBXFileReference; fileEncoding = 4; lastKnownFileType = sourcecode.c.objc; path = SPEventDispatcher.m; sourceTree = "<group>"; };
		B5398C4915C0991C008266A1 /* SPGLTexture.h */ = {isa = PBXFileReference; fileEncoding = 4; lastKnownFileType = sourcecode.c.h; path = SPGLTexture.h; sourceTree = "<group>"; };
		B5398C4A15C0991C008266A1 /* SPGLTexture.m */ = {isa = PBXFileReference; fileEncoding = 4; lastKnownFileType = sourcecode.c.objc; path = SPGLTexture.m; sourceTree = "<group>"; };
		B5398C4B15C0991C008266A1 /* SPImage.h */ = {isa = PBXFileReference; fileEncoding = 4; lastKnownFileType = sourcecode.c.h; path = SPImage.h; sourceTree = "<group>"; };
		B5398C4C15C0991C008266A1 /* SPImage.m */ = {isa = PBXFileReference; fileEncoding = 4; lastKnownFileType = sourcecode.c.objc; path = SPImage.m; sourceTree = "<group>"; };
		B5398C4D15C0991C008266A1 /* SPJuggler.h */ = {isa = PBXFileReference; fileEncoding = 4; lastKnownFileType = sourcecode.c.h; path = SPJuggler.h; sourceTree = "<group>"; };
		B5398C4E15C0991C008266A1 /* SPJuggler.m */ = {isa = PBXFileReference; fileEncoding = 4; lastKnownFileType = sourcecode.c.objc; path = SPJuggler.m; sourceTree = "<group>"; };
		B5398C4F15C0991C008266A1 /* SPMacros.h */ = {isa = PBXFileReference; fileEncoding = 4; lastKnownFileType = sourcecode.c.h; path = SPMacros.h; sourceTree = "<group>"; };
		B5398C5015C0991C008266A1 /* SPMatrix.h */ = {isa = PBXFileReference; fileEncoding = 4; lastKnownFileType = sourcecode.c.h; path = SPMatrix.h; sourceTree = "<group>"; };
		B5398C5115C0991C008266A1 /* SPMatrix.m */ = {isa = PBXFileReference; fileEncoding = 4; lastKnownFileType = sourcecode.c.objc; path = SPMatrix.m; sourceTree = "<group>"; };
		B5398C5215C0991C008266A1 /* SPMovieClip.h */ = {isa = PBXFileReference; fileEncoding = 4; lastKnownFileType = sourcecode.c.h; path = SPMovieClip.h; sourceTree = "<group>"; };
		B5398C5315C0991C008266A1 /* SPMovieClip.m */ = {isa = PBXFileReference; fileEncoding = 4; lastKnownFileType = sourcecode.c.objc; path = SPMovieClip.m; sourceTree = "<group>"; };
		B5398C5415C0991C008266A1 /* SPNSExtensions.h */ = {isa = PBXFileReference; fileEncoding = 4; lastKnownFileType = sourcecode.c.h; path = SPNSExtensions.h; sourceTree = "<group>"; };
		B5398C5515C0991C008266A1 /* SPNSExtensions.m */ = {isa = PBXFileReference; fileEncoding = 4; lastKnownFileType = sourcecode.c.objc; path = SPNSExtensions.m; sourceTree = "<group>"; };
		B5398C5615C0991C008266A1 /* SPPoint.h */ = {isa = PBXFileReference; fileEncoding = 4; lastKnownFileType = sourcecode.c.h; path = SPPoint.h; sourceTree = "<group>"; };
		B5398C5715C0991C008266A1 /* SPPoint.m */ = {isa = PBXFileReference; fileEncoding = 4; lastKnownFileType = sourcecode.c.objc; path = SPPoint.m; sourceTree = "<group>"; };
		B5398C5815C0991C008266A1 /* SPPoolObject.h */ = {isa = PBXFileReference; fileEncoding = 4; lastKnownFileType = sourcecode.c.h; path = SPPoolObject.h; sourceTree = "<group>"; };
		B5398C5915C0991C008266A1 /* SPPoolObject.m */ = {isa = PBXFileReference; fileEncoding = 4; lastKnownFileType = sourcecode.c.objc; path = SPPoolObject.m; sourceTree = "<group>"; };
		B5398C5A15C0991C008266A1 /* SPQuad.h */ = {isa = PBXFileReference; fileEncoding = 4; lastKnownFileType = sourcecode.c.h; path = SPQuad.h; sourceTree = "<group>"; };
		B5398C5B15C0991C008266A1 /* SPQuad.m */ = {isa = PBXFileReference; fileEncoding = 4; lastKnownFileType = sourcecode.c.objc; path = SPQuad.m; sourceTree = "<group>"; };
		B5398C5C15C0991C008266A1 /* SPRectangle.h */ = {isa = PBXFileReference; fileEncoding = 4; lastKnownFileType = sourcecode.c.h; path = SPRectangle.h; sourceTree = "<group>"; };
		B5398C5D15C0991C008266A1 /* SPRectangle.m */ = {isa = PBXFileReference; fileEncoding = 4; lastKnownFileType = sourcecode.c.objc; path = SPRectangle.m; sourceTree = "<group>"; };
		B5398C5E15C0991C008266A1 /* SPRendering.m */ = {isa = PBXFileReference; fileEncoding = 4; lastKnownFileType = sourcecode.c.objc; path = SPRendering.m; sourceTree = "<group>"; };
		B5398C5F15C0991C008266A1 /* SPRenderSupport.h */ = {isa = PBXFileReference; fileEncoding = 4; lastKnownFileType = sourcecode.c.h; path = SPRenderSupport.h; sourceTree = "<group>"; };
		B5398C6015C0991C008266A1 /* SPRenderSupport.m */ = {isa = PBXFileReference; fileEncoding = 4; lastKnownFileType = sourcecode.c.objc; path = SPRenderSupport.m; sourceTree = "<group>"; };
		B5398C6115C0991C008266A1 /* SPRenderTexture.h */ = {isa = PBXFileReference; fileEncoding = 4; lastKnownFileType = sourcecode.c.h; path = SPRenderTexture.h; sourceTree = "<group>"; };
		B5398C6215C0991C008266A1 /* SPRenderTexture.m */ = {isa = PBXFileReference; fileEncoding = 4; lastKnownFileType = sourcecode.c.objc; path = SPRenderTexture.m; sourceTree = "<group>"; };
		B5398C6315C0991C008266A1 /* SPSound.h */ = {isa = PBXFileReference; fileEncoding = 4; lastKnownFileType = sourcecode.c.h; path = SPSound.h; sourceTree = "<group>"; };
		B5398C6415C0991C008266A1 /* SPSound.m */ = {isa = PBXFileReference; fileEncoding = 4; lastKnownFileType = sourcecode.c.objc; path = SPSound.m; sourceTree = "<group>"; };
		B5398C6515C0991C008266A1 /* SPSoundChannel.h */ = {isa = PBXFileReference; fileEncoding = 4; lastKnownFileType = sourcecode.c.h; path = SPSoundChannel.h; sourceTree = "<group>"; };
		B5398C6615C0991C008266A1 /* SPSoundChannel.m */ = {isa = PBXFileReference; fileEncoding = 4; lastKnownFileType = sourcecode.c.objc; path = SPSoundChannel.m; sourceTree = "<group>"; };
		B5398C6715C0991C008266A1 /* SPSprite.h */ = {isa = PBXFileReference; fileEncoding = 4; lastKnownFileType = sourcecode.c.h; path = SPSprite.h; sourceTree = "<group>"; };
		B5398C6815C0991C008266A1 /* SPSprite.m */ = {isa = PBXFileReference; fileEncoding = 4; lastKnownFileType = sourcecode.c.objc; path = SPSprite.m; sourceTree = "<group>"; };
		B5398C6915C0991C008266A1 /* SPStage_Internal.h */ = {isa = PBXFileReference; fileEncoding = 4; lastKnownFileType = sourcecode.c.h; path = SPStage_Internal.h; sourceTree = "<group>"; };
		B5398C6A15C0991C008266A1 /* SPStage.h */ = {isa = PBXFileReference; fileEncoding = 4; lastKnownFileType = sourcecode.c.h; path = SPStage.h; sourceTree = "<group>"; };
		B5398C6B15C0991C008266A1 /* SPStage.m */ = {isa = PBXFileReference; fileEncoding = 4; lastKnownFileType = sourcecode.c.objc; path = SPStage.m; sourceTree = "<group>"; };
		B5398C6C15C0991C008266A1 /* SPSubTexture.h */ = {isa = PBXFileReference; fileEncoding = 4; lastKnownFileType = sourcecode.c.h; path = SPSubTexture.h; sourceTree = "<group>"; };
		B5398C6D15C0991C008266A1 /* SPSubTexture.m */ = {isa = PBXFileReference; fileEncoding = 4; lastKnownFileType = sourcecode.c.objc; path = SPSubTexture.m; sourceTree = "<group>"; };
		B5398C6E15C0991C008266A1 /* SPTextField_Internal.h */ = {isa = PBXFileReference; fileEncoding = 4; lastKnownFileType = sourcecode.c.h; path = SPTextField_Internal.h; sourceTree = "<group>"; };
		B5398C6F15C0991C008266A1 /* SPTextField.h */ = {isa = PBXFileReference; fileEncoding = 4; lastKnownFileType = sourcecode.c.h; path = SPTextField.h; sourceTree = "<group>"; };
		B5398C7015C0991C008266A1 /* SPTextField.m */ = {isa = PBXFileReference; fileEncoding = 4; lastKnownFileType = sourcecode.c.objc; path = SPTextField.m; sourceTree = "<group>"; };
		B5398C7115C0991C008266A1 /* SPTexture.h */ = {isa = PBXFileReference; fileEncoding = 4; lastKnownFileType = sourcecode.c.h; path = SPTexture.h; sourceTree = "<group>"; };
		B5398C7215C0991C008266A1 /* SPTexture.m */ = {isa = PBXFileReference; fileEncoding = 4; lastKnownFileType = sourcecode.c.objc; path = SPTexture.m; sourceTree = "<group>"; };
		B5398C7315C0991C008266A1 /* SPTextureAtlas.h */ = {isa = PBXFileReference; fileEncoding = 4; lastKnownFileType = sourcecode.c.h; path = SPTextureAtlas.h; sourceTree = "<group>"; };
		B5398C7415C0991C008266A1 /* SPTextureAtlas.m */ = {isa = PBXFileReference; fileEncoding = 4; lastKnownFileType = sourcecode.c.objc; path = SPTextureAtlas.m; sourceTree = "<group>"; };
		B5398C7515C0991C008266A1 /* SPTouch_Internal.h */ = {isa = PBXFileReference; fileEncoding = 4; lastKnownFileType = sourcecode.c.h; path = SPTouch_Internal.h; sourceTree = "<group>"; };
		B5398C7615C0991C008266A1 /* SPTouch.h */ = {isa = PBXFileReference; fileEncoding = 4; lastKnownFileType = sourcecode.c.h; path = SPTouch.h; sourceTree = "<group>"; };
		B5398C7715C0991C008266A1 /* SPTouch.m */ = {isa = PBXFileReference; fileEncoding = 4; lastKnownFileType = sourcecode.c.objc; path = SPTouch.m; sourceTree = "<group>"; };
		B5398C7815C0991C008266A1 /* SPTouchEvent.h */ = {isa = PBXFileReference; fileEncoding = 4; lastKnownFileType = sourcecode.c.h; path = SPTouchEvent.h; sourceTree = "<group>"; };
		B5398C7915C0991C008266A1 /* SPTouchEvent.m */ = {isa = PBXFileReference; fileEncoding = 4; lastKnownFileType = sourcecode.c.objc; path = SPTouchEvent.m; sourceTree = "<group>"; };
		B5398C7A15C0991D008266A1 /* SPTouchProcessor.h */ = {isa = PBXFileReference; fileEncoding = 4; lastKnownFileType = sourcecode.c.h; path = SPTouchProcessor.h; sourceTree = "<group>"; };
		B5398C7B15C0991D008266A1 /* SPTouchProcessor.m */ = {isa = PBXFileReference; fileEncoding = 4; lastKnownFileType = sourcecode.c.objc; path = SPTouchProcessor.m; sourceTree = "<group>"; };
		B5398C7C15C0991D008266A1 /* SPTransitions.h */ = {isa = PBXFileReference; fileEncoding = 4; lastKnownFileType = sourcecode.c.h; path = SPTransitions.h; sourceTree = "<group>"; };
		B5398C7D15C0991D008266A1 /* SPTransitions.m */ = {isa = PBXFileReference; fileEncoding = 4; lastKnownFileType = sourcecode.c.objc; path = SPTransitions.m; sourceTree = "<group>"; };
		B5398C7E15C0991D008266A1 /* SPTween.h */ = {isa = PBXFileReference; fileEncoding = 4; lastKnownFileType = sourcecode.c.h; path = SPTween.h; sourceTree = "<group>"; };
		B5398C7F15C0991D008266A1 /* SPTween.m */ = {isa = PBXFileReference; fileEncoding = 4; lastKnownFileType = sourcecode.c.objc; path = SPTween.m; sourceTree = "<group>"; };
		B5398C8015C0991D008266A1 /* SPTweenedProperty.h */ = {isa = PBXFileReference; fileEncoding = 4; lastKnownFileType = sourcecode.c.h; path = SPTweenedProperty.h; sourceTree = "<group>"; };
		B5398C8115C0991D008266A1 /* SPTweenedProperty.m */ = {isa = PBXFileReference; fileEncoding = 4; lastKnownFileType = sourcecode.c.objc; path = SPTweenedProperty.m; sourceTree = "<group>"; };
		B5398C8215C0991D008266A1 /* SPUtils.h */ = {isa = PBXFileReference; fileEncoding = 4; lastKnownFileType = sourcecode.c.h; path = SPUtils.h; sourceTree = "<group>"; };
		B5398C8315C0991D008266A1 /* SPUtils.m */ = {isa = PBXFileReference; fileEncoding = 4; lastKnownFileType = sourcecode.c.objc; path = SPUtils.m; sourceTree = "<group>"; };
		B5398C8415C0991D008266A1 /* SPView.h */ = {isa = PBXFileReference; fileEncoding = 4; lastKnownFileType = sourcecode.c.h; path = SPView.h; sourceTree = "<group>"; };
		B5398C8515C0991D008266A1 /* SPView.m */ = {isa = PBXFileReference; fileEncoding = 4; lastKnownFileType = sourcecode.c.objc; path = SPView.m; sourceTree = "<group>"; };
		B554E08215BEE0F800728B2D /* AudioSelectOptions.h */ = {isa = PBXFileReference; fileEncoding = 4; lastKnownFileType = sourcecode.c.h; path = AudioSelectOptions.h; sourceTree = "<group>"; };
		B554E08315BEE0F800728B2D /* AudioSelectOptions.m */ = {isa = PBXFileReference; fileEncoding = 4; lastKnownFileType = sourcecode.c.objc; path = AudioSelectOptions.m; sourceTree = "<group>"; };
		B554E08415BEE0F800728B2D /* DragDropAudio.h */ = {isa = PBXFileReference; fileEncoding = 4; lastKnownFileType = sourcecode.c.h; path = DragDropAudio.h; sourceTree = "<group>"; };
		B554E08515BEE0F800728B2D /* DragDropAudio.m */ = {isa = PBXFileReference; fileEncoding = 4; lastKnownFileType = sourcecode.c.objc; path = DragDropAudio.m; sourceTree = "<group>"; };
		B554E08615BEE0F800728B2D /* ImageText.h */ = {isa = PBXFileReference; fileEncoding = 4; lastKnownFileType = sourcecode.c.h; path = ImageText.h; sourceTree = "<group>"; };
		B554E08715BEE0F800728B2D /* ImageText.m */ = {isa = PBXFileReference; fileEncoding = 4; lastKnownFileType = sourcecode.c.objc; path = ImageText.m; sourceTree = "<group>"; };
		B554E08815BEE0F800728B2D /* Interaction.h */ = {isa = PBXFileReference; fileEncoding = 4; lastKnownFileType = sourcecode.c.h; path = Interaction.h; sourceTree = "<group>"; };
		B554E08915BEE0F800728B2D /* Interaction.m */ = {isa = PBXFileReference; fileEncoding = 4; lastKnownFileType = sourcecode.c.objc; path = Interaction.m; sourceTree = "<group>"; };
		B554E08A15BEE0F800728B2D /* InteractionVo.h */ = {isa = PBXFileReference; fileEncoding = 4; lastKnownFileType = sourcecode.c.h; path = InteractionVo.h; sourceTree = "<group>"; };
		B554E08B15BEE0F800728B2D /* InteractionVo.m */ = {isa = PBXFileReference; fileEncoding = 4; lastKnownFileType = sourcecode.c.objc; path = InteractionVo.m; sourceTree = "<group>"; };
		B554E08C15BEE0F800728B2D /* InteractionVoClick.h */ = {isa = PBXFileReference; fileEncoding = 4; lastKnownFileType = sourcecode.c.h; path = InteractionVoClick.h; sourceTree = "<group>"; };
		B554E08D15BEE0F800728B2D /* InteractionVoClick.m */ = {isa = PBXFileReference; fileEncoding = 4; lastKnownFileType = sourcecode.c.objc; path = InteractionVoClick.m; sourceTree = "<group>"; };
		B554E08E15BEE0F800728B2D /* Model.h */ = {isa = PBXFileReference; fileEncoding = 4; lastKnownFileType = sourcecode.c.h; path = Model.h; sourceTree = "<group>"; };
		B554E08F15BEE0F800728B2D /* Model.m */ = {isa = PBXFileReference; fileEncoding = 4; lastKnownFileType = sourcecode.c.objc; path = Model.m; sourceTree = "<group>"; };
		B554E09015BEE0F800728B2D /* Observer.h */ = {isa = PBXFileReference; fileEncoding = 4; lastKnownFileType = sourcecode.c.h; path = Observer.h; sourceTree = "<group>"; };
		B554E09115BEE0F800728B2D /* Observer.m */ = {isa = PBXFileReference; fileEncoding = 4; lastKnownFileType = sourcecode.c.objc; path = Observer.m; sourceTree = "<group>"; };
		B554E09215BEE0F800728B2D /* RevealA.h */ = {isa = PBXFileReference; fileEncoding = 4; lastKnownFileType = sourcecode.c.h; path = RevealA.h; sourceTree = "<group>"; };
		B554E09315BEE0F800728B2D /* RevealA.m */ = {isa = PBXFileReference; fileEncoding = 4; lastKnownFileType = sourcecode.c.objc; path = RevealA.m; sourceTree = "<group>"; };
		B554E09415BEE0F800728B2D /* TouchScene.h */ = {isa = PBXFileReference; fileEncoding = 4; lastKnownFileType = sourcecode.c.h; path = TouchScene.h; sourceTree = "<group>"; };
		B554E09515BEE0F800728B2D /* TouchScene.m */ = {isa = PBXFileReference; fileEncoding = 4; lastKnownFileType = sourcecode.c.objc; path = TouchScene.m; sourceTree = "<group>"; };
		B554E09615BEE0F800728B2D /* TouchSheet.h */ = {isa = PBXFileReference; fileEncoding = 4; lastKnownFileType = sourcecode.c.h; path = TouchSheet.h; sourceTree = "<group>"; };
		B554E09715BEE0F800728B2D /* TouchSheet.m */ = {isa = PBXFileReference; fileEncoding = 4; lastKnownFileType = sourcecode.c.objc; path = TouchSheet.m; sourceTree = "<group>"; };
		B554E09815BEE0F800728B2D /* XMLParser.h */ = {isa = PBXFileReference; fileEncoding = 4; lastKnownFileType = sourcecode.c.h; path = XMLParser.h; sourceTree = "<group>"; };
		B554E09915BEE0F800728B2D /* XMLParser.m */ = {isa = PBXFileReference; fileEncoding = 4; lastKnownFileType = sourcecode.c.objc; path = XMLParser.m; sourceTree = "<group>"; };
		B554E0B215BEE2F700728B2D /* ViewControllerFactory.h */ = {isa = PBXFileReference; fileEncoding = 4; lastKnownFileType = sourcecode.c.h; path = ViewControllerFactory.h; sourceTree = "<group>"; };
		B554E0B315BEE2F700728B2D /* ViewControllerFactory.m */ = {isa = PBXFileReference; fileEncoding = 4; lastKnownFileType = sourcecode.c.objc; path = ViewControllerFactory.m; sourceTree = "<group>"; };
		B5DC6FE615BE336900445EE5 /* liblibSparrowMVC.a */ = {isa = PBXFileReference; explicitFileType = archive.ar; includeInIndex = 0; path = liblibSparrowMVC.a; sourceTree = BUILT_PRODUCTS_DIR; };
		B5DC6FE915BE336900445EE5 /* Foundation.framework */ = {isa = PBXFileReference; lastKnownFileType = wrapper.framework; name = Foundation.framework; path = System/Library/Frameworks/Foundation.framework; sourceTree = SDKROOT; };
		B5DC6FED15BE336900445EE5 /* libSparrowMVC-Prefix.pch */ = {isa = PBXFileReference; lastKnownFileType = sourcecode.c.h; path = "libSparrowMVC-Prefix.pch"; sourceTree = "<group>"; };
		B5DC6FEE15BE336900445EE5 /* libSparrowMVC.h */ = {isa = PBXFileReference; lastKnownFileType = sourcecode.c.h; path = libSparrowMVC.h; sourceTree = "<group>"; };
/* End PBXFileReference section */

/* Begin PBXFrameworksBuildPhase section */
		B5DC6FE315BE336900445EE5 /* Frameworks */ = {
			isa = PBXFrameworksBuildPhase;
			buildActionMask = 2147483647;
			files = (
				398398B917E014110057B66D /* libz.dylib in Frameworks */,
				398398B717E014000057B66D /* AVFoundation.framework in Frameworks */,
				398398B517E013F50057B66D /* AudioToolbox.framework in Frameworks */,
				398398B317E013ED0057B66D /* SenTestingKit.framework in Frameworks */,
				398398B117E013DB0057B66D /* OpenAL.framework in Frameworks */,
				398398AF17E013CE0057B66D /* UIKit.framework in Frameworks */,
				398398AD17E013C40057B66D /* OpenGLES.framework in Frameworks */,
				398398AB17E013B30057B66D /* QuartzCore.framework in Frameworks */,
				398398A917E013A60057B66D /* CoreGraphics.framework in Frameworks */,
				B5DC6FEA15BE336900445EE5 /* Foundation.framework in Frameworks */,
			);
			runOnlyForDeploymentPostprocessing = 0;
		};
/* End PBXFrameworksBuildPhase section */

/* Begin PBXGroup section */
		B5DC6FDB15BE336800445EE5 = {
			isa = PBXGroup;
			children = (
				B5DC6FEB15BE336900445EE5 /* libSparrowMVC */,
				B5DC6FE815BE336900445EE5 /* Frameworks */,
				B5DC6FE715BE336900445EE5 /* Products */,
			);
			sourceTree = "<group>";
		};
		B5DC6FE715BE336900445EE5 /* Products */ = {
			isa = PBXGroup;
			children = (
				B5DC6FE615BE336900445EE5 /* liblibSparrowMVC.a */,
			);
			name = Products;
			sourceTree = "<group>";
		};
		B5DC6FE815BE336900445EE5 /* Frameworks */ = {
			isa = PBXGroup;
			children = (
				398398B817E014110057B66D /* libz.dylib */,
				398398B617E014000057B66D /* AVFoundation.framework */,
				398398B417E013F50057B66D /* AudioToolbox.framework */,
				398398B217E013ED0057B66D /* SenTestingKit.framework */,
				398398B017E013DB0057B66D /* OpenAL.framework */,
				398398AE17E013CE0057B66D /* UIKit.framework */,
				398398AC17E013C40057B66D /* OpenGLES.framework */,
				398398AA17E013B30057B66D /* QuartzCore.framework */,
				398398A817E013A60057B66D /* CoreGraphics.framework */,
				B5DC6FE915BE336900445EE5 /* Foundation.framework */,
			);
			name = Frameworks;
			sourceTree = "<group>";
		};
		B5DC6FEB15BE336900445EE5 /* libSparrowMVC */ = {
			isa = PBXGroup;
			children = (
				B5398C2715C0991C008266A1 /* SPALSound.h */,
				B5398C2815C0991C008266A1 /* SPALSound.m */,
				B5398C2915C0991C008266A1 /* SPALSoundChannel.h */,
				B5398C2A15C0991C008266A1 /* SPALSoundChannel.m */,
				B5398C2B15C0991C008266A1 /* SPAnimatable.h */,
				B5398C2C15C0991C008266A1 /* Sparrow.h */,
				B5398C2D15C0991C008266A1 /* SPAudioEngine.h */,
				B5398C2E15C0991C008266A1 /* SPAudioEngine.m */,
				B5398C2F15C0991C008266A1 /* SPAVSound.h */,
				B5398C3015C0991C008266A1 /* SPAVSound.m */,
				B5398C3115C0991C008266A1 /* SPAVSoundChannel.h */,
				B5398C3215C0991C008266A1 /* SPAVSoundChannel.m */,
				B5398C3315C0991C008266A1 /* SPBitmapChar.h */,
				B5398C3415C0991C008266A1 /* SPBitmapChar.m */,
				B5398C3515C0991C008266A1 /* SPBitmapFont.h */,
				B5398C3615C0991C008266A1 /* SPBitmapFont.m */,
				B5398C3715C0991C008266A1 /* SPButton.h */,
				B5398C3815C0991C008266A1 /* SPButton.m */,
				B5398C3915C0991C008266A1 /* SPCompiledSprite.h */,
				B5398C3A15C0991C008266A1 /* SPCompiledSprite.m */,
				B5398C3B15C0991C008266A1 /* SPDelayedInvocation.h */,
				B5398C3C15C0991C008266A1 /* SPDelayedInvocation.m */,
				B5398C3D15C0991C008266A1 /* SPDisplayObject_Internal.h */,
				B5398C3E15C0991C008266A1 /* SPDisplayObject.h */,
				B5398C3F15C0991C008266A1 /* SPDisplayObject.m */,
				B5398C4015C0991C008266A1 /* SPDisplayObjectContainer.h */,
				B5398C4115C0991C008266A1 /* SPDisplayObjectContainer.m */,
				B5398C4215C0991C008266A1 /* SPEnterFrameEvent.h */,
				B5398C4315C0991C008266A1 /* SPEnterFrameEvent.m */,
				B5398C4415C0991C008266A1 /* SPEvent_Internal.h */,
				B5398C4515C0991C008266A1 /* SPEvent.h */,
				B5398C4615C0991C008266A1 /* SPEvent.m */,
				B5398C4715C0991C008266A1 /* SPEventDispatcher.h */,
				B5398C4815C0991C008266A1 /* SPEventDispatcher.m */,
				B5398C4915C0991C008266A1 /* SPGLTexture.h */,
				B5398C4A15C0991C008266A1 /* SPGLTexture.m */,
				B5398C4B15C0991C008266A1 /* SPImage.h */,
				B5398C4C15C0991C008266A1 /* SPImage.m */,
				B5398C4D15C0991C008266A1 /* SPJuggler.h */,
				B5398C4E15C0991C008266A1 /* SPJuggler.m */,
				B5398C4F15C0991C008266A1 /* SPMacros.h */,
				B5398C5015C0991C008266A1 /* SPMatrix.h */,
				B5398C5115C0991C008266A1 /* SPMatrix.m */,
				B5398C5215C0991C008266A1 /* SPMovieClip.h */,
				B5398C5315C0991C008266A1 /* SPMovieClip.m */,
				B5398C5415C0991C008266A1 /* SPNSExtensions.h */,
				B5398C5515C0991C008266A1 /* SPNSExtensions.m */,
				B5398C5615C0991C008266A1 /* SPPoint.h */,
				B5398C5715C0991C008266A1 /* SPPoint.m */,
				B5398C5815C0991C008266A1 /* SPPoolObject.h */,
				B5398C5915C0991C008266A1 /* SPPoolObject.m */,
				B5398C5A15C0991C008266A1 /* SPQuad.h */,
				B5398C5B15C0991C008266A1 /* SPQuad.m */,
				B5398C5C15C0991C008266A1 /* SPRectangle.h */,
				B5398C5D15C0991C008266A1 /* SPRectangle.m */,
				B5398C5E15C0991C008266A1 /* SPRendering.m */,
				B5398C5F15C0991C008266A1 /* SPRenderSupport.h */,
				B5398C6015C0991C008266A1 /* SPRenderSupport.m */,
				B5398C6115C0991C008266A1 /* SPRenderTexture.h */,
				B5398C6215C0991C008266A1 /* SPRenderTexture.m */,
				B5398C6315C0991C008266A1 /* SPSound.h */,
				B5398C6415C0991C008266A1 /* SPSound.m */,
				B5398C6515C0991C008266A1 /* SPSoundChannel.h */,
				B5398C6615C0991C008266A1 /* SPSoundChannel.m */,
				B5398C6715C0991C008266A1 /* SPSprite.h */,
				B5398C6815C0991C008266A1 /* SPSprite.m */,
				B5398C6915C0991C008266A1 /* SPStage_Internal.h */,
				B5398C6A15C0991C008266A1 /* SPStage.h */,
				B5398C6B15C0991C008266A1 /* SPStage.m */,
				B5398C6C15C0991C008266A1 /* SPSubTexture.h */,
				B5398C6D15C0991C008266A1 /* SPSubTexture.m */,
				B5398C6E15C0991C008266A1 /* SPTextField_Internal.h */,
				B5398C6F15C0991C008266A1 /* SPTextField.h */,
				B5398C7015C0991C008266A1 /* SPTextField.m */,
				B5398C7115C0991C008266A1 /* SPTexture.h */,
				B5398C7215C0991C008266A1 /* SPTexture.m */,
				B5398C7315C0991C008266A1 /* SPTextureAtlas.h */,
				B5398C7415C0991C008266A1 /* SPTextureAtlas.m */,
				B5398C7515C0991C008266A1 /* SPTouch_Internal.h */,
				B5398C7615C0991C008266A1 /* SPTouch.h */,
				B5398C7715C0991C008266A1 /* SPTouch.m */,
				B5398C7815C0991C008266A1 /* SPTouchEvent.h */,
				B5398C7915C0991C008266A1 /* SPTouchEvent.m */,
				B5398C7A15C0991D008266A1 /* SPTouchProcessor.h */,
				B5398C7B15C0991D008266A1 /* SPTouchProcessor.m */,
				B5398C7C15C0991D008266A1 /* SPTransitions.h */,
				B5398C7D15C0991D008266A1 /* SPTransitions.m */,
				B5398C7E15C0991D008266A1 /* SPTween.h */,
				B5398C7F15C0991D008266A1 /* SPTween.m */,
				B5398C8015C0991D008266A1 /* SPTweenedProperty.h */,
				B5398C8115C0991D008266A1 /* SPTweenedProperty.m */,
				B5398C8215C0991D008266A1 /* SPUtils.h */,
				B5398C8315C0991D008266A1 /* SPUtils.m */,
				B5398C8415C0991D008266A1 /* SPView.h */,
				B5398C8515C0991D008266A1 /* SPView.m */,
				B554E0B215BEE2F700728B2D /* ViewControllerFactory.h */,
				B554E0B315BEE2F700728B2D /* ViewControllerFactory.m */,
				B554E08215BEE0F800728B2D /* AudioSelectOptions.h */,
				B554E08315BEE0F800728B2D /* AudioSelectOptions.m */,
				B554E08415BEE0F800728B2D /* DragDropAudio.h */,
				B554E08515BEE0F800728B2D /* DragDropAudio.m */,
				B554E08615BEE0F800728B2D /* ImageText.h */,
				B554E08715BEE0F800728B2D /* ImageText.m */,
				B554E08815BEE0F800728B2D /* Interaction.h */,
				B554E08915BEE0F800728B2D /* Interaction.m */,
				B554E08A15BEE0F800728B2D /* InteractionVo.h */,
				B554E08B15BEE0F800728B2D /* InteractionVo.m */,
				B554E08C15BEE0F800728B2D /* InteractionVoClick.h */,
				B554E08D15BEE0F800728B2D /* InteractionVoClick.m */,
				B554E08E15BEE0F800728B2D /* Model.h */,
				B554E08F15BEE0F800728B2D /* Model.m */,
				B554E09015BEE0F800728B2D /* Observer.h */,
				B554E09115BEE0F800728B2D /* Observer.m */,
				B554E09215BEE0F800728B2D /* RevealA.h */,
				B554E09315BEE0F800728B2D /* RevealA.m */,
				B554E09415BEE0F800728B2D /* TouchScene.h */,
				B554E09515BEE0F800728B2D /* TouchScene.m */,
				B554E09615BEE0F800728B2D /* TouchSheet.h */,
				B554E09715BEE0F800728B2D /* TouchSheet.m */,
				B554E09815BEE0F800728B2D /* XMLParser.h */,
				B554E09915BEE0F800728B2D /* XMLParser.m */,
				B5DC6FEE15BE336900445EE5 /* libSparrowMVC.h */,
				B5DC6FEC15BE336900445EE5 /* Supporting Files */,
			);
			path = libSparrowMVC;
			sourceTree = "<group>";
		};
		B5DC6FEC15BE336900445EE5 /* Supporting Files */ = {
			isa = PBXGroup;
			children = (
				B5DC6FED15BE336900445EE5 /* libSparrowMVC-Prefix.pch */,
			);
			name = "Supporting Files";
			sourceTree = "<group>";
		};
/* End PBXGroup section */

/* Begin PBXHeadersBuildPhase section */
		B5DC6FE415BE336900445EE5 /* Headers */ = {
			isa = PBXHeadersBuildPhase;
			buildActionMask = 2147483647;
			files = (
				B554E09A15BEE0F800728B2D /* AudioSelectOptions.h in Headers */,
				B554E09C15BEE0F800728B2D /* DragDropAudio.h in Headers */,
				B554E09E15BEE0F800728B2D /* ImageText.h in Headers */,
				B554E0A015BEE0F800728B2D /* Interaction.h in Headers */,
				B554E0A215BEE0F800728B2D /* InteractionVo.h in Headers */,
				B554E0A415BEE0F800728B2D /* InteractionVoClick.h in Headers */,
				B554E0A615BEE0F800728B2D /* Model.h in Headers */,
				B554E0A815BEE0F800728B2D /* Observer.h in Headers */,
				B554E0AA15BEE0F800728B2D /* RevealA.h in Headers */,
				B554E0AC15BEE0F800728B2D /* TouchScene.h in Headers */,
				B554E0AE15BEE0F800728B2D /* TouchSheet.h in Headers */,
				B554E0B015BEE0F800728B2D /* XMLParser.h in Headers */,
				B554E0B415BEE2F700728B2D /* ViewControllerFactory.h in Headers */,
				B5398C8615C0991D008266A1 /* SPALSound.h in Headers */,
				B5398C8815C0991D008266A1 /* SPALSoundChannel.h in Headers */,
				B5398C8A15C0991D008266A1 /* SPAnimatable.h in Headers */,
				B5398C8B15C0991D008266A1 /* Sparrow.h in Headers */,
				B5398C8C15C0991D008266A1 /* SPAudioEngine.h in Headers */,
				B5398C8E15C0991D008266A1 /* SPAVSound.h in Headers */,
				B5398C9015C0991D008266A1 /* SPAVSoundChannel.h in Headers */,
				B5398C9215C0991D008266A1 /* SPBitmapChar.h in Headers */,
				B5398C9415C0991D008266A1 /* SPBitmapFont.h in Headers */,
				B5398C9615C0991D008266A1 /* SPButton.h in Headers */,
				B5398C9815C0991D008266A1 /* SPCompiledSprite.h in Headers */,
				B5398C9A15C0991D008266A1 /* SPDelayedInvocation.h in Headers */,
				B5398C9C15C0991D008266A1 /* SPDisplayObject_Internal.h in Headers */,
				B5398C9D15C0991D008266A1 /* SPDisplayObject.h in Headers */,
				B5398C9F15C0991D008266A1 /* SPDisplayObjectContainer.h in Headers */,
				B5398CA115C0991D008266A1 /* SPEnterFrameEvent.h in Headers */,
				B5398CA315C0991D008266A1 /* SPEvent_Internal.h in Headers */,
				B5398CA415C0991D008266A1 /* SPEvent.h in Headers */,
				B5398CA615C0991D008266A1 /* SPEventDispatcher.h in Headers */,
				B5398CA815C0991D008266A1 /* SPGLTexture.h in Headers */,
				B5398CAA15C0991D008266A1 /* SPImage.h in Headers */,
				B5398CAC15C0991D008266A1 /* SPJuggler.h in Headers */,
				B5398CAE15C0991D008266A1 /* SPMacros.h in Headers */,
				B5398CAF15C0991D008266A1 /* SPMatrix.h in Headers */,
				B5398CB115C0991D008266A1 /* SPMovieClip.h in Headers */,
				B5398CB315C0991D008266A1 /* SPNSExtensions.h in Headers */,
				B5398CB515C0991D008266A1 /* SPPoint.h in Headers */,
				B5398CB715C0991D008266A1 /* SPPoolObject.h in Headers */,
				B5398CB915C0991D008266A1 /* SPQuad.h in Headers */,
				B5398CBB15C0991D008266A1 /* SPRectangle.h in Headers */,
				B5398CBE15C0991D008266A1 /* SPRenderSupport.h in Headers */,
				B5398CC015C0991D008266A1 /* SPRenderTexture.h in Headers */,
				B5398CC215C0991D008266A1 /* SPSound.h in Headers */,
				B5398CC415C0991D008266A1 /* SPSoundChannel.h in Headers */,
				B5398CC615C0991D008266A1 /* SPSprite.h in Headers */,
				B5398CC815C0991D008266A1 /* SPStage_Internal.h in Headers */,
				B5398CC915C0991D008266A1 /* SPStage.h in Headers */,
				B5398CCB15C0991D008266A1 /* SPSubTexture.h in Headers */,
				B5398CCD15C0991D008266A1 /* SPTextField_Internal.h in Headers */,
				B5398CCE15C0991D008266A1 /* SPTextField.h in Headers */,
				B5398CD015C0991D008266A1 /* SPTexture.h in Headers */,
				B5398CD215C0991D008266A1 /* SPTextureAtlas.h in Headers */,
				B5398CD415C0991D008266A1 /* SPTouch_Internal.h in Headers */,
				B5398CD515C0991D008266A1 /* SPTouch.h in Headers */,
				B5398CD715C0991D008266A1 /* SPTouchEvent.h in Headers */,
				B5398CD915C0991D008266A1 /* SPTouchProcessor.h in Headers */,
				B5398CDB15C0991D008266A1 /* SPTransitions.h in Headers */,
				B5398CDD15C0991D008266A1 /* SPTween.h in Headers */,
				B5398CDF15C0991D008266A1 /* SPTweenedProperty.h in Headers */,
				B5398CE115C0991D008266A1 /* SPUtils.h in Headers */,
				B5398CE315C0991D008266A1 /* SPView.h in Headers */,
			);
			runOnlyForDeploymentPostprocessing = 0;
		};
/* End PBXHeadersBuildPhase section */

/* Begin PBXNativeTarget section */
		B5DC6FE515BE336900445EE5 /* libSparrowMVC */ = {
			isa = PBXNativeTarget;
			buildConfigurationList = B5DC6FF315BE336900445EE5 /* Build configuration list for PBXNativeTarget "libSparrowMVC" */;
			buildPhases = (
				B5DC6FE215BE336900445EE5 /* Sources */,
				B5DC6FE315BE336900445EE5 /* Frameworks */,
				B5DC6FE415BE336900445EE5 /* Headers */,
			);
			buildRules = (
			);
			dependencies = (
			);
			name = libSparrowMVC;
			productName = libSparrowMVC;
			productReference = B5DC6FE615BE336900445EE5 /* liblibSparrowMVC.a */;
			productType = "com.apple.product-type.library.static";
		};
/* End PBXNativeTarget section */

/* Begin PBXProject section */
		B5DC6FDD15BE336800445EE5 /* Project object */ = {
			isa = PBXProject;
			attributes = {
				LastUpgradeCheck = 0430;
			};
			buildConfigurationList = B5DC6FE015BE336800445EE5 /* Build configuration list for PBXProject "libSparrowMVC" */;
			compatibilityVersion = "Xcode 3.2";
			developmentRegion = English;
			hasScannedForEncodings = 0;
			knownRegions = (
				en,
			);
			mainGroup = B5DC6FDB15BE336800445EE5;
			productRefGroup = B5DC6FE715BE336900445EE5 /* Products */;
			projectDirPath = "";
			projectRoot = "";
			targets = (
				B5DC6FE515BE336900445EE5 /* libSparrowMVC */,
			);
		};
/* End PBXProject section */

/* Begin PBXSourcesBuildPhase section */
		B5DC6FE215BE336900445EE5 /* Sources */ = {
			isa = PBXSourcesBuildPhase;
			buildActionMask = 2147483647;
			files = (
				B554E09B15BEE0F800728B2D /* AudioSelectOptions.m in Sources */,
				B554E09D15BEE0F800728B2D /* DragDropAudio.m in Sources */,
				B554E09F15BEE0F800728B2D /* ImageText.m in Sources */,
				B554E0A115BEE0F800728B2D /* Interaction.m in Sources */,
				B554E0A315BEE0F800728B2D /* InteractionVo.m in Sources */,
				B554E0A515BEE0F800728B2D /* InteractionVoClick.m in Sources */,
				B554E0A715BEE0F800728B2D /* Model.m in Sources */,
				B554E0A915BEE0F800728B2D /* Observer.m in Sources */,
				B554E0AB15BEE0F800728B2D /* RevealA.m in Sources */,
				B554E0AD15BEE0F800728B2D /* TouchScene.m in Sources */,
				B554E0AF15BEE0F800728B2D /* TouchSheet.m in Sources */,
				B554E0B115BEE0F800728B2D /* XMLParser.m in Sources */,
				B554E0B515BEE2F700728B2D /* ViewControllerFactory.m in Sources */,
				B5398C8715C0991D008266A1 /* SPALSound.m in Sources */,
				B5398C8915C0991D008266A1 /* SPALSoundChannel.m in Sources */,
				B5398C8D15C0991D008266A1 /* SPAudioEngine.m in Sources */,
				B5398C8F15C0991D008266A1 /* SPAVSound.m in Sources */,
				B5398C9115C0991D008266A1 /* SPAVSoundChannel.m in Sources */,
				B5398C9315C0991D008266A1 /* SPBitmapChar.m in Sources */,
				B5398C9515C0991D008266A1 /* SPBitmapFont.m in Sources */,
				B5398C9715C0991D008266A1 /* SPButton.m in Sources */,
				B5398C9915C0991D008266A1 /* SPCompiledSprite.m in Sources */,
				B5398C9B15C0991D008266A1 /* SPDelayedInvocation.m in Sources */,
				B5398C9E15C0991D008266A1 /* SPDisplayObject.m in Sources */,
				B5398CA015C0991D008266A1 /* SPDisplayObjectContainer.m in Sources */,
				B5398CA215C0991D008266A1 /* SPEnterFrameEvent.m in Sources */,
				B5398CA515C0991D008266A1 /* SPEvent.m in Sources */,
				B5398CA715C0991D008266A1 /* SPEventDispatcher.m in Sources */,
				B5398CA915C0991D008266A1 /* SPGLTexture.m in Sources */,
				B5398CAB15C0991D008266A1 /* SPImage.m in Sources */,
				B5398CAD15C0991D008266A1 /* SPJuggler.m in Sources */,
				B5398CB015C0991D008266A1 /* SPMatrix.m in Sources */,
				B5398CB215C0991D008266A1 /* SPMovieClip.m in Sources */,
				B5398CB415C0991D008266A1 /* SPNSExtensions.m in Sources */,
				B5398CB615C0991D008266A1 /* SPPoint.m in Sources */,
				B5398CB815C0991D008266A1 /* SPPoolObject.m in Sources */,
				B5398CBA15C0991D008266A1 /* SPQuad.m in Sources */,
				B5398CBC15C0991D008266A1 /* SPRectangle.m in Sources */,
				B5398CBD15C0991D008266A1 /* SPRendering.m in Sources */,
				B5398CBF15C0991D008266A1 /* SPRenderSupport.m in Sources */,
				B5398CC115C0991D008266A1 /* SPRenderTexture.m in Sources */,
				B5398CC315C0991D008266A1 /* SPSound.m in Sources */,
				B5398CC515C0991D008266A1 /* SPSoundChannel.m in Sources */,
				B5398CC715C0991D008266A1 /* SPSprite.m in Sources */,
				B5398CCA15C0991D008266A1 /* SPStage.m in Sources */,
				B5398CCC15C0991D008266A1 /* SPSubTexture.m in Sources */,
				B5398CCF15C0991D008266A1 /* SPTextField.m in Sources */,
				B5398CD115C0991D008266A1 /* SPTexture.m in Sources */,
				B5398CD315C0991D008266A1 /* SPTextureAtlas.m in Sources */,
				B5398CD615C0991D008266A1 /* SPTouch.m in Sources */,
				B5398CD815C0991D008266A1 /* SPTouchEvent.m in Sources */,
				B5398CDA15C0991D008266A1 /* SPTouchProcessor.m in Sources */,
				B5398CDC15C0991D008266A1 /* SPTransitions.m in Sources */,
				B5398CDE15C0991D008266A1 /* SPTween.m in Sources */,
				B5398CE015C0991D008266A1 /* SPTweenedProperty.m in Sources */,
				B5398CE215C0991D008266A1 /* SPUtils.m in Sources */,
				B5398CE415C0991D008266A1 /* SPView.m in Sources */,
			);
			runOnlyForDeploymentPostprocessing = 0;
		};
/* End PBXSourcesBuildPhase section */

/* Begin XCBuildConfiguration section */
		B5DC6FF115BE336900445EE5 /* Debug */ = {
			isa = XCBuildConfiguration;
			buildSettings = {
				ALWAYS_SEARCH_USER_PATHS = NO;
				ARCHS = "$(ARCHS_STANDARD_32_BIT)";
				CLANG_ENABLE_OBJC_ARC = YES;
				COPY_PHASE_STRIP = NO;
				GCC_C_LANGUAGE_STANDARD = gnu99;
				GCC_DYNAMIC_NO_PIC = NO;
				GCC_OPTIMIZATION_LEVEL = 0;
				GCC_PREPROCESSOR_DEFINITIONS = (
					"DEBUG=1",
					"$(inherited)",
				);
				GCC_SYMBOLS_PRIVATE_EXTERN = NO;
				GCC_VERSION = com.apple.compilers.llvm.clang.1_0;
				GCC_WARN_ABOUT_RETURN_TYPE = YES;
				GCC_WARN_UNINITIALIZED_AUTOS = YES;
				GCC_WARN_UNUSED_VARIABLE = YES;
				IPHONEOS_DEPLOYMENT_TARGET = 5.1;
				SDKROOT = iphoneos;
			};
			name = Debug;
		};
		B5DC6FF215BE336900445EE5 /* Release */ = {
			isa = XCBuildConfiguration;
			buildSettings = {
				ALWAYS_SEARCH_USER_PATHS = NO;
				ARCHS = "$(ARCHS_STANDARD_32_BIT)";
				CLANG_ENABLE_OBJC_ARC = YES;
				COPY_PHASE_STRIP = YES;
				GCC_C_LANGUAGE_STANDARD = gnu99;
				GCC_VERSION = com.apple.compilers.llvm.clang.1_0;
				GCC_WARN_ABOUT_RETURN_TYPE = YES;
				GCC_WARN_UNINITIALIZED_AUTOS = YES;
				GCC_WARN_UNUSED_VARIABLE = YES;
				IPHONEOS_DEPLOYMENT_TARGET = 5.1;
				SDKROOT = iphoneos;
				VALIDATE_PRODUCT = YES;
			};
			name = Release;
		};
		B5DC6FF415BE336900445EE5 /* Debug */ = {
			isa = XCBuildConfiguration;
			buildSettings = {
				CLANG_ENABLE_OBJC_ARC = NO;
				DSTROOT = /tmp/libSparrowMVC.dst;
				FRAMEWORK_SEARCH_PATHS = (
					"$(inherited)",
					"\"$(SRCROOT)\"",
					"\"$(SYSTEM_APPS_DIR)/Xcode.app/Contents/Developer/Library/Frameworks\"",
				);
				GCC_PRECOMPILE_PREFIX_HEADER = YES;
				GCC_PREFIX_HEADER = "libSparrowMVC/libSparrowMVC-Prefix.pch";
				OTHER_LDFLAGS = "-ObjC";
				PRODUCT_NAME = "$(TARGET_NAME)";
				PUBLIC_HEADERS_FOLDER_PATH = "";
				SKIP_INSTALL = YES;
				TARGETED_DEVICE_FAMILY = "1,2";
			};
			name = Debug;
		};
		B5DC6FF515BE336900445EE5 /* Release */ = {
			isa = XCBuildConfiguration;
			buildSettings = {
				CLANG_ENABLE_OBJC_ARC = NO;
				DSTROOT = /tmp/libSparrowMVC.dst;
				FRAMEWORK_SEARCH_PATHS = (
					"$(inherited)",
					"\"$(SRCROOT)\"",
					"\"$(SYSTEM_APPS_DIR)/Xcode.app/Contents/Developer/Library/Frameworks\"",
				);
				GCC_PRECOMPILE_PREFIX_HEADER = YES;
				GCC_PREFIX_HEADER = "libSparrowMVC/libSparrowMVC-Prefix.pch";
				OTHER_LDFLAGS = "-ObjC";
				PRODUCT_NAME = "$(TARGET_NAME)";
				PUBLIC_HEADERS_FOLDER_PATH = "";
				SKIP_INSTALL = YES;
				TARGETED_DEVICE_FAMILY = "1,2";
			};
			name = Release;
		};
/* End XCBuildConfiguration section */

/* Begin XCConfigurationList section */
		B5DC6FE015BE336800445EE5 /* Build configuration list for PBXProject "libSparrowMVC" */ = {
			isa = XCConfigurationList;
			buildConfigurations = (
				B5DC6FF115BE336900445EE5 /* Debug */,
				B5DC6FF215BE336900445EE5 /* Release */,
			);
			defaultConfigurationIsVisible = 0;
			defaultConfigurationName = Release;
		};
		B5DC6FF315BE336900445EE5 /* Build configuration list for PBXNativeTarget "libSparrowMVC" */ = {
			isa = XCConfigurationList;
			buildConfigurations = (
				B5DC6FF415BE336900445EE5 /* Debug */,
				B5DC6FF515BE336900445EE5 /* Release */,
			);
			defaultConfigurationIsVisible = 0;
			defaultConfigurationName = Release;
		};
/* End XCConfigurationList section */
	};
	rootObject = B5DC6FDD15BE336800445EE5 /* Project object */;
}
